
Microsoft Visual Studio Solution File, Format Version 12.00
# Visual Studio Version 17
VisualStudioVersion = 17.12.35527.113
MinimumVisualStudioVersion = 10.0.40219.1
Project("{FAE04EC0-301F-11D3-BF4B-00C04F79EFBC}") = "CS58_Razor09_Entity_ASP", "CS58_Razor09_Entity_ASP.csproj", "{4D4DF83F-0A71-4649-91BE-EB6D35038027}"
EndProject
Global
	GlobalSection(SolutionConfigurationPlatforms) = preSolution
		Debug|Any CPU = Debug|Any CPU
		Release|Any CPU = Release|Any CPU
	EndGlobalSection
	GlobalSection(ProjectConfigurationPlatforms) = postSolution
		{4D4DF83F-0A71-4649-91BE-EB6D35038027}.Debug|Any CPU.ActiveCfg = Debug|Any CPU
		{4D4DF83F-0A71-4649-91BE-EB6D35038027}.Debug|Any CPU.Build.0 = Debug|Any CPU
		{4D4DF83F-0A71-4649-91BE-EB6D35038027}.Release|Any CPU.ActiveCfg = Release|Any CPU
		{4D4DF83F-0A71-4649-91BE-EB6D35038027}.Release|Any CPU.Build.0 = Release|Any CPU
	EndGlobalSection
	GlobalSection(SolutionProperties) = preSolution
		HideSolutionNode = FALSE
	EndGlobalSection
EndGlobal
